
Microsoft Visual Studio Solution File, Format Version 12.00
# Visual Studio Version 17
VisualStudioVersion = 17.0.31903.59
MinimumVisualStudioVersion = 10.0.40219.1
Project("{2150E333-8FDC-42A3-9474-1A3956D46DE8}") = "src", "src", "{9B2F9AED-CD06-42D3-AED6-3ED93EAD1EAE}"
EndProject
Project("{FAE04EC0-301F-11D3-BF4B-00C04F79EFBC}") = "SonoroScore.Core", "src\SonoroScore.Core\SonoroScore.Core.csproj", "{425EBA4C-BCA2-42F6-AB75-9702790543F0}"
EndProject
Project("{FAE04EC0-301F-11D3-BF4B-00C04F79EFBC}") = "SonoroScore", "src\SonoroScore\SonoroScore.csproj", "{D06654FE-A582-4EB9-AAF4-0C0E2F278697}"
EndProject
Project("{FAE04EC0-301F-11D3-BF4B-00C04F79EFBC}") = "AlephalSonata", "src\AlephalSonata\AlephalSonata.csproj", "{3DE347F6-C343-4C00-BE65-9054DA285DAE}"
EndProject
Project("{FAE04EC0-301F-11D3-BF4B-00C04F79EFBC}") = "SonoroScore.Scanner", "src\SonoroScore.Scanner\SonoroScore.Scanner.csproj", "{2CD78B54-CE4C-49BF-BA1B-A6953A5708CE}"
EndProject
Project("{FAE04EC0-301F-11D3-BF4B-00C04F79EFBC}") = "SonoroScore.Scanner.Cli", "src\SonoroScore.Scanner.Cli\SonoroScore.Scanner.Cli.csproj", "{9202AD0C-63C5-4B3C-A9C2-1EEAEBBB31D0}"
EndProject
Project("{FAE04EC0-301F-11D3-BF4B-00C04F79EFBC}") = "SonoroScore.Scanner.Tests", "src\SonoroScore.Scanner.Tests\SonoroScore.Scanner.Tests.csproj", "{A1B2C3D4-E5F6-4789-ABCD-EF1234567890}"
EndProject
Global
	GlobalSection(SolutionConfigurationPlatforms) = preSolution
		Debug|Any CPU = Debug|Any CPU
		Release|Any CPU = Release|Any CPU
	EndGlobalSection
	GlobalSection(SolutionProperties) = preSolution
		HideSolutionNode = FALSE
	EndGlobalSection
	GlobalSection(ProjectConfigurationPlatforms) = postSolution
		{425EBA4C-BCA2-42F6-AB75-9702790543F0}.Debug|Any CPU.ActiveCfg = Debug|Any CPU
		{425EBA4C-BCA2-42F6-AB75-9702790543F0}.Debug|Any CPU.Build.0 = Debug|Any CPU
		{425EBA4C-BCA2-42F6-AB75-9702790543F0}.Release|Any CPU.ActiveCfg = Release|Any CPU
		{425EBA4C-BCA2-42F6-AB75-9702790543F0}.Release|Any CPU.Build.0 = Release|Any CPU
		{D06654FE-A582-4EB9-AAF4-0C0E2F278697}.Debug|Any CPU.ActiveCfg = Debug|Any CPU
		{D06654FE-A582-4EB9-AAF4-0C0E2F278697}.Debug|Any CPU.Build.0 = Debug|Any CPU
		{D06654FE-A582-4EB9-AAF4-0C0E2F278697}.Release|Any CPU.ActiveCfg = Release|Any CPU
		{D06654FE-A582-4EB9-AAF4-0C0E2F278697}.Release|Any CPU.Build.0 = Release|Any CPU
		{3DE347F6-C343-4C00-BE65-9054DA285DAE}.Debug|Any CPU.ActiveCfg = Debug|Any CPU
		{3DE347F6-C343-4C00-BE65-9054DA285DAE}.Debug|Any CPU.Build.0 = Debug|Any CPU
		{3DE347F6-C343-4C00-BE65-9054DA285DAE}.Release|Any CPU.ActiveCfg = Release|Any CPU
		{3DE347F6-C343-4C00-BE65-9054DA285DAE}.Release|Any CPU.Build.0 = Release|Any CPU
		{2CD78B54-CE4C-49BF-BA1B-A6953A5708CE}.Debug|Any CPU.ActiveCfg = Debug|x64
		{2CD78B54-CE4C-49BF-BA1B-A6953A5708CE}.Debug|Any CPU.Build.0 = Debug|x64
		{2CD78B54-CE4C-49BF-BA1B-A6953A5708CE}.Release|Any CPU.ActiveCfg = Release|x64
		{2CD78B54-CE4C-49BF-BA1B-A6953A5708CE}.Release|Any CPU.Build.0 = Release|x64
		{9202AD0C-63C5-4B3C-A9C2-1EEAEBBB31D0}.Debug|Any CPU.ActiveCfg = Debug|x64
		{9202AD0C-63C5-4B3C-A9C2-1EEAEBBB31D0}.Debug|Any CPU.Build.0 = Debug|x64
		{9202AD0C-63C5-4B3C-A9C2-1EEAEBBB31D0}.Release|Any CPU.ActiveCfg = Release|x64
		{9202AD0C-63C5-4B3C-A9C2-1EEAEBBB31D0}.Release|Any CPU.Build.0 = Release|x64
		{A1B2C3D4-E5F6-4789-ABCD-EF1234567890}.Debug|Any CPU.ActiveCfg = Debug|Any CPU
		{A1B2C3D4-E5F6-4789-ABCD-EF1234567890}.Debug|Any CPU.Build.0 = Debug|Any CPU
		{A1B2C3D4-E5F6-4789-ABCD-EF1234567890}.Release|Any CPU.ActiveCfg = Release|Any CPU
		{A1B2C3D4-E5F6-4789-ABCD-EF1234567890}.Release|Any CPU.Build.0 = Release|Any CPU
	EndGlobalSection
	GlobalSection(NestedProjects) = preSolution
		{425EBA4C-BCA2-42F6-AB75-9702790543F0} = {9B2F9AED-CD06-42D3-AED6-3ED93EAD1EAE}
		{D06654FE-A582-4EB9-AAF4-0C0E2F278697} = {9B2F9AED-CD06-42D3-AED6-3ED93EAD1EAE}
		{3DE347F6-C343-4C00-BE65-9054DA285DAE} = {9B2F9AED-CD06-42D3-AED6-3ED93EAD1EAE}
		{2CD78B54-CE4C-49BF-BA1B-A6953A5708CE} = {9B2F9AED-CD06-42D3-AED6-3ED93EAD1EAE}
		{9202AD0C-63C5-4B3C-A9C2-1EEAEBBB31D0} = {9B2F9AED-CD06-42D3-AED6-3ED93EAD1EAE}
		{A1B2C3D4-E5F6-4789-ABCD-EF1234567890} = {9B2F9AED-CD06-42D3-AED6-3ED93EAD1EAE}
	EndGlobalSection
EndGlobal
